
Microsoft Visual Studio Solution File, Format Version 12.00
# Visual Studio 2012
Project("{FAE04EC0-301F-11D3-BF4B-00C04F79EFBC}") = "Mpahome.Domain", "Mpahome.Domain\Mpahome.Domain.csproj", "{FCAD39B5-3EFB-44FA-A6D4-E1265900EC58}"
EndProject
Project("{FAE04EC0-301F-11D3-BF4B-00C04F79EFBC}") = "Mpahome.WebUI", "Mpahome.WebUI\Mpahome.WebUI.csproj", "{F2574E1D-DE02-43A3-91F3-8860113071BE}"
EndProject
Global
	GlobalSection(SolutionConfigurationPlatforms) = preSolution
		Debug|Any CPU = Debug|Any CPU
		Release|Any CPU = Release|Any CPU
	EndGlobalSection
	GlobalSection(ProjectConfigurationPlatforms) = postSolution
		{FCAD39B5-3EFB-44FA-A6D4-E1265900EC58}.Debug|Any CPU.ActiveCfg = Debug|Any CPU
		{FCAD39B5-3EFB-44FA-A6D4-E1265900EC58}.Debug|Any CPU.Build.0 = Debug|Any CPU
		{FCAD39B5-3EFB-44FA-A6D4-E1265900EC58}.Release|Any CPU.ActiveCfg = Release|Any CPU
		{FCAD39B5-3EFB-44FA-A6D4-E1265900EC58}.Release|Any CPU.Build.0 = Release|Any CPU
		{F2574E1D-DE02-43A3-91F3-8860113071BE}.Debug|Any CPU.ActiveCfg = Debug|Any CPU
		{F2574E1D-DE02-43A3-91F3-8860113071BE}.Debug|Any CPU.Build.0 = Debug|Any CPU
		{F2574E1D-DE02-43A3-91F3-8860113071BE}.Release|Any CPU.ActiveCfg = Release|Any CPU
		{F2574E1D-DE02-43A3-91F3-8860113071BE}.Release|Any CPU.Build.0 = Release|Any CPU
	EndGlobalSection
	GlobalSection(SolutionProperties) = preSolution
		HideSolutionNode = FALSE
	EndGlobalSection
EndGlobal
